// !$*UTF8*$!
{
	archiveVersion = 1;
	classes = {
	};
	objectVersion = 46;
	objects = {

/* Begin PBXBuildFile section */
		924959851DD7AEFB00851A52 /* RotatedImage.swift in Sources */ = {isa = PBXBuildFile; fileRef = 924959841DD7AEFB00851A52 /* RotatedImage.swift */; };
		9249DD7E1DB8EBA1002EC6FD /* AppDelegate.swift in Sources */ = {isa = PBXBuildFile; fileRef = 9249DD7D1DB8EBA1002EC6FD /* AppDelegate.swift */; };
		9249DD801DB8EBA1002EC6FD /* ViewController.swift in Sources */ = {isa = PBXBuildFile; fileRef = 9249DD7F1DB8EBA1002EC6FD /* ViewController.swift */; };
		9249DD831DB8EBA1002EC6FD /* Main.storyboard in Resources */ = {isa = PBXBuildFile; fileRef = 9249DD811DB8EBA1002EC6FD /* Main.storyboard */; };
		9249DD851DB8EBA2002EC6FD /* Assets.xcassets in Resources */ = {isa = PBXBuildFile; fileRef = 9249DD841DB8EBA2002EC6FD /* Assets.xcassets */; };
		9249DD881DB8EBA2002EC6FD /* LaunchScreen.storyboard in Resources */ = {isa = PBXBuildFile; fileRef = 9249DD861DB8EBA2002EC6FD /* LaunchScreen.storyboard */; };
		9249DD931DB8EBA2002EC6FD /* Preschool_Calculator__14100951Tests.swift in Sources */ = {isa = PBXBuildFile; fileRef = 9249DD921DB8EBA2002EC6FD /* Preschool_Calculator__14100951Tests.swift */; };
		9249DD9E1DB8EBA2002EC6FD /* Preschool_Calculator__14100951UITests.swift in Sources */ = {isa = PBXBuildFile; fileRef = 9249DD9D1DB8EBA2002EC6FD /* Preschool_Calculator__14100951UITests.swift */; };
		9249DDAC1DB97312002EC6FD /* mainViewController.swift in Sources */ = {isa = PBXBuildFile; fileRef = 9249DDAB1DB97312002EC6FD /* mainViewController.swift */; };
		9249DDB11DB97892002EC6FD /* calculateHomepageImage.png in Resources */ = {isa = PBXBuildFile; fileRef = 9249DDAF1DB97892002EC6FD /* calculateHomepageImage.png */; };
		9249DDB21DB97892002EC6FD /* all_fall_down.mp3 in Resources */ = {isa = PBXBuildFile; fileRef = 9249DDB01DB97892002EC6FD /* all_fall_down.mp3 */; };
		9249DDC41DBE1F51002EC6FD /* apple.png in Resources */ = {isa = PBXBuildFile; fileRef = 9249DDB41DBE1F50002EC6FD /* apple.png */; };
		9249DDC51DBE1F51002EC6FD /* number0.png in Resources */ = {isa = PBXBuildFile; fileRef = 9249DDB51DBE1F51002EC6FD /* number0.png */; };
		9249DDC61DBE1F51002EC6FD /* number1.png in Resources */ = {isa = PBXBuildFile; fileRef = 9249DDB61DBE1F51002EC6FD /* number1.png */; };
		9249DDC71DBE1F51002EC6FD /* number2.png in Resources */ = {isa = PBXBuildFile; fileRef = 9249DDB71DBE1F51002EC6FD /* number2.png */; };
		9249DDC81DBE1F51002EC6FD /* number3.png in Resources */ = {isa = PBXBuildFile; fileRef = 9249DDB81DBE1F51002EC6FD /* number3.png */; };
		9249DDC91DBE1F51002EC6FD /* number4.png in Resources */ = {isa = PBXBuildFile; fileRef = 9249DDB91DBE1F51002EC6FD /* number4.png */; };
		9249DDCA1DBE1F51002EC6FD /* number5.png in Resources */ = {isa = PBXBuildFile; fileRef = 9249DDBA1DBE1F51002EC6FD /* number5.png */; };
		9249DDCB1DBE1F51002EC6FD /* number6.png in Resources */ = {isa = PBXBuildFile; fileRef = 9249DDBB1DBE1F51002EC6FD /* number6.png */; };
		9249DDCC1DBE1F51002EC6FD /* number7.png in Resources */ = {isa = PBXBuildFile; fileRef = 9249DDBC1DBE1F51002EC6FD /* number7.png */; };
		9249DDCD1DBE1F51002EC6FD /* number8.png in Resources */ = {isa = PBXBuildFile; fileRef = 9249DDBD1DBE1F51002EC6FD /* number8.png */; };
		9249DDCE1DBE1F51002EC6FD /* number9.png in Resources */ = {isa = PBXBuildFile; fileRef = 9249DDBE1DBE1F51002EC6FD /* number9.png */; };
		9249DDCF1DBE1F51002EC6FD /* plate.png in Resources */ = {isa = PBXBuildFile; fileRef = 9249DDBF1DBE1F51002EC6FD /* plate.png */; };
		9249DDD01DBE1F51002EC6FD /* plate_white.png in Resources */ = {isa = PBXBuildFile; fileRef = 9249DDC01DBE1F51002EC6FD /* plate_white.png */; };
		9249DDD11DBE1F51002EC6FD /* play_again.png in Resources */ = {isa = PBXBuildFile; fileRef = 9249DDC11DBE1F51002EC6FD /* play_again.png */; };
		9249DDD21DBE1F51002EC6FD /* star_kids.png in Resources */ = {isa = PBXBuildFile; fileRef = 9249DDC21DBE1F51002EC6FD /* star_kids.png */; };
		9249DDD31DBE1F51002EC6FD /* thumbs_up.png in Resources */ = {isa = PBXBuildFile; fileRef = 9249DDC31DBE1F51002EC6FD /* thumbs_up.png */; };
		9249DE151DC396DA002EC6FD /* DraggableImage.swift in Sources */ = {isa = PBXBuildFile; fileRef = 9249DE141DC396D9002EC6FD /* DraggableImage.swift */; };
		9249DE3A1DC4AF6A002EC6FD /* playbutton.png in Resources */ = {isa = PBXBuildFile; fileRef = 9249DE391DC4AF6A002EC6FD /* playbutton.png */; };
		9249DE3C1DC4D777002EC6FD /* wellDoneViewControl.swift in Sources */ = {isa = PBXBuildFile; fileRef = 9249DE3B1DC4D777002EC6FD /* wellDoneViewControl.swift */; };
/* End PBXBuildFile section */

/* Begin PBXContainerItemProxy section */
		9249DD8F1DB8EBA2002EC6FD /* PBXContainerItemProxy */ = {
			isa = PBXContainerItemProxy;
			containerPortal = 9249DD721DB8EBA0002EC6FD /* Project object */;
			proxyType = 1;
			remoteGlobalIDString = 9249DD791DB8EBA1002EC6FD;
			remoteInfo = "Preschool Calculator: 14100951";
		};
		9249DD9A1DB8EBA2002EC6FD /* PBXContainerItemProxy */ = {
			isa = PBXContainerItemProxy;
			containerPortal = 9249DD721DB8EBA0002EC6FD /* Project object */;
			proxyType = 1;
			remoteGlobalIDString = 9249DD791DB8EBA1002EC6FD;
			remoteInfo = "Preschool Calculator: 14100951";
		};
/* End PBXContainerItemProxy section */

/* Begin PBXFileReference section */
		924959841DD7AEFB00851A52 /* RotatedImage.swift */ = {isa = PBXFileReference; fileEncoding = 4; lastKnownFileType = sourcecode.swift; path = RotatedImage.swift; sourceTree = "<group>"; };
		9249DD7A1DB8EBA1002EC6FD /* Preschool Calculator: 14100951.app */ = {isa = PBXFileReference; explicitFileType = wrapper.application; includeInIndex = 0; path = "Preschool Calculator: 14100951.app"; sourceTree = BUILT_PRODUCTS_DIR; };
		9249DD7D1DB8EBA1002EC6FD /* AppDelegate.swift */ = {isa = PBXFileReference; lastKnownFileType = sourcecode.swift; path = AppDelegate.swift; sourceTree = "<group>"; };
		9249DD7F1DB8EBA1002EC6FD /* ViewController.swift */ = {isa = PBXFileReference; lastKnownFileType = sourcecode.swift; path = ViewController.swift; sourceTree = "<group>"; };
		9249DD821DB8EBA1002EC6FD /* Base */ = {isa = PBXFileReference; lastKnownFileType = file.storyboard; name = Base; path = Base.lproj/Main.storyboard; sourceTree = "<group>"; };
		9249DD841DB8EBA2002EC6FD /* Assets.xcassets */ = {isa = PBXFileReference; lastKnownFileType = folder.assetcatalog; path = Assets.xcassets; sourceTree = "<group>"; };
		9249DD871DB8EBA2002EC6FD /* Base */ = {isa = PBXFileReference; lastKnownFileType = file.storyboard; name = Base; path = Base.lproj/LaunchScreen.storyboard; sourceTree = "<group>"; };
		9249DD891DB8EBA2002EC6FD /* Info.plist */ = {isa = PBXFileReference; lastKnownFileType = text.plist.xml; path = Info.plist; sourceTree = "<group>"; };
		9249DD8E1DB8EBA2002EC6FD /* Preschool Calculator: 14100951Tests.xctest */ = {isa = PBXFileReference; explicitFileType = wrapper.cfbundle; includeInIndex = 0; path = "Preschool Calculator: 14100951Tests.xctest"; sourceTree = BUILT_PRODUCTS_DIR; };
		9249DD921DB8EBA2002EC6FD /* Preschool_Calculator__14100951Tests.swift */ = {isa = PBXFileReference; lastKnownFileType = sourcecode.swift; path = Preschool_Calculator__14100951Tests.swift; sourceTree = "<group>"; };
		9249DD941DB8EBA2002EC6FD /* Info.plist */ = {isa = PBXFileReference; lastKnownFileType = text.plist.xml; path = Info.plist; sourceTree = "<group>"; };
		9249DD991DB8EBA2002EC6FD /* Preschool Calculator: 14100951UITests.xctest */ = {isa = PBXFileReference; explicitFileType = wrapper.cfbundle; includeInIndex = 0; path = "Preschool Calculator: 14100951UITests.xctest"; sourceTree = BUILT_PRODUCTS_DIR; };
		9249DD9D1DB8EBA2002EC6FD /* Preschool_Calculator__14100951UITests.swift */ = {isa = PBXFileReference; lastKnownFileType = sourcecode.swift; path = Preschool_Calculator__14100951UITests.swift; sourceTree = "<group>"; };
		9249DD9F1DB8EBA2002EC6FD /* Info.plist */ = {isa = PBXFileReference; lastKnownFileType = text.plist.xml; path = Info.plist; sourceTree = "<group>"; };
		9249DDAB1DB97312002EC6FD /* mainViewController.swift */ = {isa = PBXFileReference; fileEncoding = 4; lastKnownFileType = sourcecode.swift; path = mainViewController.swift; sourceTree = "<group>"; };
		9249DDAF1DB97892002EC6FD /* calculateHomepageImage.png */ = {isa = PBXFileReference; lastKnownFileType = image.png; path = calculateHomepageImage.png; sourceTree = "<group>"; };
		9249DDB01DB97892002EC6FD /* all_fall_down.mp3 */ = {isa = PBXFileReference; lastKnownFileType = audio.mp3; path = all_fall_down.mp3; sourceTree = "<group>"; };
		9249DDB41DBE1F50002EC6FD /* apple.png */ = {isa = PBXFileReference; lastKnownFileType = image.png; name = apple.png; path = images/apple.png; sourceTree = "<group>"; };
		9249DDB51DBE1F51002EC6FD /* number0.png */ = {isa = PBXFileReference; lastKnownFileType = image.png; name = number0.png; path = images/number0.png; sourceTree = "<group>"; };
		9249DDB61DBE1F51002EC6FD /* number1.png */ = {isa = PBXFileReference; lastKnownFileType = image.png; name = number1.png; path = images/number1.png; sourceTree = "<group>"; };
		9249DDB71DBE1F51002EC6FD /* number2.png */ = {isa = PBXFileReference; lastKnownFileType = image.png; name = number2.png; path = images/number2.png; sourceTree = "<group>"; };
		9249DDB81DBE1F51002EC6FD /* number3.png */ = {isa = PBXFileReference; lastKnownFileType = image.png; name = number3.png; path = images/number3.png; sourceTree = "<group>"; };
		9249DDB91DBE1F51002EC6FD /* number4.png */ = {isa = PBXFileReference; lastKnownFileType = image.png; name = number4.png; path = images/number4.png; sourceTree = "<group>"; };
		9249DDBA1DBE1F51002EC6FD /* number5.png */ = {isa = PBXFileReference; lastKnownFileType = image.png; name = number5.png; path = images/number5.png; sourceTree = "<group>"; };
		9249DDBB1DBE1F51002EC6FD /* number6.png */ = {isa = PBXFileReference; lastKnownFileType = image.png; name = number6.png; path = images/number6.png; sourceTree = "<group>"; };
		9249DDBC1DBE1F51002EC6FD /* number7.png */ = {isa = PBXFileReference; lastKnownFileType = image.png; name = number7.png; path = images/number7.png; sourceTree = "<group>"; };
		9249DDBD1DBE1F51002EC6FD /* number8.png */ = {isa = PBXFileReference; lastKnownFileType = image.png; name = number8.png; path = images/number8.png; sourceTree = "<group>"; };
		9249DDBE1DBE1F51002EC6FD /* number9.png */ = {isa = PBXFileReference; lastKnownFileType = image.png; name = number9.png; path = images/number9.png; sourceTree = "<group>"; };
		9249DDBF1DBE1F51002EC6FD /* plate.png */ = {isa = PBXFileReference; lastKnownFileType = image.png; name = plate.png; path = images/plate.png; sourceTree = "<group>"; };
		9249DDC01DBE1F51002EC6FD /* plate_white.png */ = {isa = PBXFileReference; lastKnownFileType = image.png; name = plate_white.png; path = images/plate_white.png; sourceTree = "<group>"; };
		9249DDC11DBE1F51002EC6FD /* play_again.png */ = {isa = PBXFileReference; lastKnownFileType = image.png; name = play_again.png; path = images/play_again.png; sourceTree = "<group>"; };
		9249DDC21DBE1F51002EC6FD /* star_kids.png */ = {isa = PBXFileReference; lastKnownFileType = image.png; name = star_kids.png; path = images/star_kids.png; sourceTree = "<group>"; };
		9249DDC31DBE1F51002EC6FD /* thumbs_up.png */ = {isa = PBXFileReference; lastKnownFileType = image.png; name = thumbs_up.png; path = images/thumbs_up.png; sourceTree = "<group>"; };
		9249DE141DC396D9002EC6FD /* DraggableImage.swift */ = {isa = PBXFileReference; fileEncoding = 4; lastKnownFileType = sourcecode.swift; path = DraggableImage.swift; sourceTree = "<group>"; };
		9249DE391DC4AF6A002EC6FD /* playbutton.png */ = {isa = PBXFileReference; lastKnownFileType = image.png; name = playbutton.png; path = images/playbutton.png; sourceTree = "<group>"; };
		9249DE3B1DC4D777002EC6FD /* wellDoneViewControl.swift */ = {isa = PBXFileReference; fileEncoding = 4; lastKnownFileType = sourcecode.swift; path = wellDoneViewControl.swift; sourceTree = "<group>"; };
/* End PBXFileReference section */

/* Begin PBXFrameworksBuildPhase section */
		9249DD771DB8EBA1002EC6FD /* Frameworks */ = {
			isa = PBXFrameworksBuildPhase;
			buildActionMask = 2147483647;
			files = (
			);
			runOnlyForDeploymentPostprocessing = 0;
		};
		9249DD8B1DB8EBA2002EC6FD /* Frameworks */ = {
			isa = PBXFrameworksBuildPhase;
			buildActionMask = 2147483647;
			files = (
			);
			runOnlyForDeploymentPostprocessing = 0;
		};
		9249DD961DB8EBA2002EC6FD /* Frameworks */ = {
			isa = PBXFrameworksBuildPhase;
			buildActionMask = 2147483647;
			files = (
			);
			runOnlyForDeploymentPostprocessing = 0;
		};
/* End PBXFrameworksBuildPhase section */

/* Begin PBXGroup section */
		9249DD711DB8EBA0002EC6FD = {
			isa = PBXGroup;
			children = (
				9249DD7C1DB8EBA1002EC6FD /* Preschool Calculator: 14100951 */,
				9249DD911DB8EBA2002EC6FD /* Preschool Calculator: 14100951Tests */,
				9249DD9C1DB8EBA2002EC6FD /* Preschool Calculator: 14100951UITests */,
				9249DD7B1DB8EBA1002EC6FD /* Products */,
			);
			sourceTree = "<group>";
		};
		9249DD7B1DB8EBA1002EC6FD /* Products */ = {
			isa = PBXGroup;
			children = (
				9249DD7A1DB8EBA1002EC6FD /* Preschool Calculator: 14100951.app */,
				9249DD8E1DB8EBA2002EC6FD /* Preschool Calculator: 14100951Tests.xctest */,
				9249DD991DB8EBA2002EC6FD /* Preschool Calculator: 14100951UITests.xctest */,
			);
			name = Products;
			sourceTree = "<group>";
		};
		9249DD7C1DB8EBA1002EC6FD /* Preschool Calculator: 14100951 */ = {
			isa = PBXGroup;
			children = (
				9249DD7D1DB8EBA1002EC6FD /* AppDelegate.swift */,
				9249DD7F1DB8EBA1002EC6FD /* ViewController.swift */,
				9249DD811DB8EBA1002EC6FD /* Main.storyboard */,
				924959841DD7AEFB00851A52 /* RotatedImage.swift */,
				9249DE141DC396D9002EC6FD /* DraggableImage.swift */,
				9249DDAB1DB97312002EC6FD /* mainViewController.swift */,
				9249DE3B1DC4D777002EC6FD /* wellDoneViewControl.swift */,
				9249DD841DB8EBA2002EC6FD /* Assets.xcassets */,
				9249DD861DB8EBA2002EC6FD /* LaunchScreen.storyboard */,
				9249DD891DB8EBA2002EC6FD /* Info.plist */,
				9249DDAE1DB9784E002EC6FD /* Images & Audio */,
			);
			path = "Preschool Calculator: 14100951";
			sourceTree = "<group>";
		};
		9249DD911DB8EBA2002EC6FD /* Preschool Calculator: 14100951Tests */ = {
			isa = PBXGroup;
			children = (
				9249DD921DB8EBA2002EC6FD /* Preschool_Calculator__14100951Tests.swift */,
				9249DD941DB8EBA2002EC6FD /* Info.plist */,
			);
			path = "Preschool Calculator: 14100951Tests";
			sourceTree = "<group>";
		};
		9249DD9C1DB8EBA2002EC6FD /* Preschool Calculator: 14100951UITests */ = {
			isa = PBXGroup;
			children = (
				9249DD9D1DB8EBA2002EC6FD /* Preschool_Calculator__14100951UITests.swift */,
				9249DD9F1DB8EBA2002EC6FD /* Info.plist */,
			);
			path = "Preschool Calculator: 14100951UITests";
			sourceTree = "<group>";
		};
		9249DDAE1DB9784E002EC6FD /* Images & Audio */ = {
			isa = PBXGroup;
			children = (
				9249DDB41DBE1F50002EC6FD /* apple.png */,
				9249DDB51DBE1F51002EC6FD /* number0.png */,
				9249DDB61DBE1F51002EC6FD /* number1.png */,
				9249DDB71DBE1F51002EC6FD /* number2.png */,
				9249DDB81DBE1F51002EC6FD /* number3.png */,
				9249DDB91DBE1F51002EC6FD /* number4.png */,
				9249DDBA1DBE1F51002EC6FD /* number5.png */,
				9249DDBB1DBE1F51002EC6FD /* number6.png */,
				9249DDBC1DBE1F51002EC6FD /* number7.png */,
				9249DDBD1DBE1F51002EC6FD /* number8.png */,
				9249DDBE1DBE1F51002EC6FD /* number9.png */,
				9249DE391DC4AF6A002EC6FD /* playbutton.png */,
				9249DDBF1DBE1F51002EC6FD /* plate.png */,
				9249DDC01DBE1F51002EC6FD /* plate_white.png */,
				9249DDC11DBE1F51002EC6FD /* play_again.png */,
				9249DDC21DBE1F51002EC6FD /* star_kids.png */,
				9249DDC31DBE1F51002EC6FD /* thumbs_up.png */,
				9249DDAF1DB97892002EC6FD /* calculateHomepageImage.png */,
				9249DDB01DB97892002EC6FD /* all_fall_down.mp3 */,
			);
			name = "Images & Audio";
			sourceTree = "<group>";
		};
/* End PBXGroup section */

/* Begin PBXNativeTarget section */
		9249DD791DB8EBA1002EC6FD /* Preschool Calculator: 14100951 */ = {
			isa = PBXNativeTarget;
			buildConfigurationList = 9249DDA21DB8EBA2002EC6FD /* Build configuration list for PBXNativeTarget "Preschool Calculator: 14100951" */;
			buildPhases = (
				9249DD761DB8EBA1002EC6FD /* Sources */,
				9249DD771DB8EBA1002EC6FD /* Frameworks */,
				9249DD781DB8EBA1002EC6FD /* Resources */,
			);
			buildRules = (
			);
			dependencies = (
			);
			name = "Preschool Calculator: 14100951";
			productName = "Preschool Calculator: 14100951";
			productReference = 9249DD7A1DB8EBA1002EC6FD /* Preschool Calculator: 14100951.app */;
			productType = "com.apple.product-type.application";
		};
		9249DD8D1DB8EBA2002EC6FD /* Preschool Calculator: 14100951Tests */ = {
			isa = PBXNativeTarget;
			buildConfigurationList = 9249DDA51DB8EBA2002EC6FD /* Build configuration list for PBXNativeTarget "Preschool Calculator: 14100951Tests" */;
			buildPhases = (
				9249DD8A1DB8EBA2002EC6FD /* Sources */,
				9249DD8B1DB8EBA2002EC6FD /* Frameworks */,
				9249DD8C1DB8EBA2002EC6FD /* Resources */,
			);
			buildRules = (
			);
			dependencies = (
				9249DD901DB8EBA2002EC6FD /* PBXTargetDependency */,
			);
			name = "Preschool Calculator: 14100951Tests";
			productName = "Preschool Calculator: 14100951Tests";
			productReference = 9249DD8E1DB8EBA2002EC6FD /* Preschool Calculator: 14100951Tests.xctest */;
			productType = "com.apple.product-type.bundle.unit-test";
		};
		9249DD981DB8EBA2002EC6FD /* Preschool Calculator: 14100951UITests */ = {
			isa = PBXNativeTarget;
			buildConfigurationList = 9249DDA81DB8EBA2002EC6FD /* Build configuration list for PBXNativeTarget "Preschool Calculator: 14100951UITests" */;
			buildPhases = (
				9249DD951DB8EBA2002EC6FD /* Sources */,
				9249DD961DB8EBA2002EC6FD /* Frameworks */,
				9249DD971DB8EBA2002EC6FD /* Resources */,
			);
			buildRules = (
			);
			dependencies = (
				9249DD9B1DB8EBA2002EC6FD /* PBXTargetDependency */,
			);
			name = "Preschool Calculator: 14100951UITests";
			productName = "Preschool Calculator: 14100951UITests";
			productReference = 9249DD991DB8EBA2002EC6FD /* Preschool Calculator: 14100951UITests.xctest */;
			productType = "com.apple.product-type.bundle.ui-testing";
		};
/* End PBXNativeTarget section */

/* Begin PBXProject section */
		9249DD721DB8EBA0002EC6FD /* Project object */ = {
			isa = PBXProject;
			attributes = {
				LastSwiftUpdateCheck = 0720;
				LastUpgradeCheck = 0810;
				ORGANIZATIONNAME = "Remi Cullen";
				TargetAttributes = {
					9249DD791DB8EBA1002EC6FD = {
						CreatedOnToolsVersion = 7.2;
						DevelopmentTeam = 788URXD67R;
						LastSwiftMigration = 0810;
						SystemCapabilities = {
							com.apple.BackgroundModes = {
								enabled = 1;
							};
						};
					};
					9249DD8D1DB8EBA2002EC6FD = {
						CreatedOnToolsVersion = 7.2;
						DevelopmentTeam = 788URXD67R;
						LastSwiftMigration = 0810;
						TestTargetID = 9249DD791DB8EBA1002EC6FD;
					};
					9249DD981DB8EBA2002EC6FD = {
						CreatedOnToolsVersion = 7.2;
						DevelopmentTeam = 788URXD67R;
						LastSwiftMigration = 0810;
						TestTargetID = 9249DD791DB8EBA1002EC6FD;
					};
				};
			};
			buildConfigurationList = 9249DD751DB8EBA0002EC6FD /* Build configuration list for PBXProject "Preschool Calculator: 14100951" */;
			compatibilityVersion = "Xcode 3.2";
			developmentRegion = English;
			hasScannedForEncodings = 0;
			knownRegions = (
				en,
				Base,
			);
			mainGroup = 9249DD711DB8EBA0002EC6FD;
			productRefGroup = 9249DD7B1DB8EBA1002EC6FD /* Products */;
			projectDirPath = "";
			projectRoot = "";
			targets = (
				9249DD791DB8EBA1002EC6FD /* Preschool Calculator: 14100951 */,
				9249DD8D1DB8EBA2002EC6FD /* Preschool Calculator: 14100951Tests */,
				9249DD981DB8EBA2002EC6FD /* Preschool Calculator: 14100951UITests */,
			);
		};
/* End PBXProject section */

/* Begin PBXResourcesBuildPhase section */
		9249DD781DB8EBA1002EC6FD /* Resources */ = {
			isa = PBXResourcesBuildPhase;
			buildActionMask = 2147483647;
			files = (
				9249DDCE1DBE1F51002EC6FD /* number9.png in Resources */,
				9249DDC61DBE1F51002EC6FD /* number1.png in Resources */,
				9249DDB11DB97892002EC6FD /* calculateHomepageImage.png in Resources */,
				9249DDC71DBE1F51002EC6FD /* number2.png in Resources */,
				9249DDD21DBE1F51002EC6FD /* star_kids.png in Resources */,
				9249DE3A1DC4AF6A002EC6FD /* playbutton.png in Resources */,
				9249DDC91DBE1F51002EC6FD /* number4.png in Resources */,
				9249DDCF1DBE1F51002EC6FD /* plate.png in Resources */,
				9249DD881DB8EBA2002EC6FD /* LaunchScreen.storyboard in Resources */,
				9249DDD31DBE1F51002EC6FD /* thumbs_up.png in Resources */,
				9249DDCB1DBE1F51002EC6FD /* number6.png in Resources */,
				9249DDCC1DBE1F51002EC6FD /* number7.png in Resources */,
				9249DDC81DBE1F51002EC6FD /* number3.png in Resources */,
				9249DD851DB8EBA2002EC6FD /* Assets.xcassets in Resources */,
				9249DD831DB8EBA1002EC6FD /* Main.storyboard in Resources */,
				9249DDD11DBE1F51002EC6FD /* play_again.png in Resources */,
				9249DDD01DBE1F51002EC6FD /* plate_white.png in Resources */,
				9249DDCA1DBE1F51002EC6FD /* number5.png in Resources */,
				9249DDC41DBE1F51002EC6FD /* apple.png in Resources */,
				9249DDB21DB97892002EC6FD /* all_fall_down.mp3 in Resources */,
				9249DDC51DBE1F51002EC6FD /* number0.png in Resources */,
				9249DDCD1DBE1F51002EC6FD /* number8.png in Resources */,
			);
			runOnlyForDeploymentPostprocessing = 0;
		};
		9249DD8C1DB8EBA2002EC6FD /* Resources */ = {
			isa = PBXResourcesBuildPhase;
			buildActionMask = 2147483647;
			files = (
			);
			runOnlyForDeploymentPostprocessing = 0;
		};
		9249DD971DB8EBA2002EC6FD /* Resources */ = {
			isa = PBXResourcesBuildPhase;
			buildActionMask = 2147483647;
			files = (
			);
			runOnlyForDeploymentPostprocessing = 0;
		};
/* End PBXResourcesBuildPhase section */

/* Begin PBXSourcesBuildPhase section */
		9249DD761DB8EBA1002EC6FD /* Sources */ = {
			isa = PBXSourcesBuildPhase;
			buildActionMask = 2147483647;
			files = (
				9249DD801DB8EBA1002EC6FD /* ViewController.swift in Sources */,
				9249DD7E1DB8EBA1002EC6FD /* AppDelegate.swift in Sources */,
				9249DE151DC396DA002EC6FD /* DraggableImage.swift in Sources */,
				9249DE3C1DC4D777002EC6FD /* wellDoneViewControl.swift in Sources */,
				9249DDAC1DB97312002EC6FD /* mainViewController.swift in Sources */,
				924959851DD7AEFB00851A52 /* RotatedImage.swift in Sources */,
			);
			runOnlyForDeploymentPostprocessing = 0;
		};
		9249DD8A1DB8EBA2002EC6FD /* Sources */ = {
			isa = PBXSourcesBuildPhase;
			buildActionMask = 2147483647;
			files = (
				9249DD931DB8EBA2002EC6FD /* Preschool_Calculator__14100951Tests.swift in Sources */,
			);
			runOnlyForDeploymentPostprocessing = 0;
		};
		9249DD951DB8EBA2002EC6FD /* Sources */ = {
			isa = PBXSourcesBuildPhase;
			buildActionMask = 2147483647;
			files = (
				9249DD9E1DB8EBA2002EC6FD /* Preschool_Calculator__14100951UITests.swift in Sources */,
			);
			runOnlyForDeploymentPostprocessing = 0;
		};
/* End PBXSourcesBuildPhase section */

/* Begin PBXTargetDependency section */
		9249DD901DB8EBA2002EC6FD /* PBXTargetDependency */ = {
			isa = PBXTargetDependency;
			target = 9249DD791DB8EBA1002EC6FD /* Preschool Calculator: 14100951 */;
			targetProxy = 9249DD8F1DB8EBA2002EC6FD /* PBXContainerItemProxy */;
		};
		9249DD9B1DB8EBA2002EC6FD /* PBXTargetDependency */ = {
			isa = PBXTargetDependency;
			target = 9249DD791DB8EBA1002EC6FD /* Preschool Calculator: 14100951 */;
			targetProxy = 9249DD9A1DB8EBA2002EC6FD /* PBXContainerItemProxy */;
		};
/* End PBXTargetDependency section */

/* Begin PBXVariantGroup section */
		9249DD811DB8EBA1002EC6FD /* Main.storyboard */ = {
			isa = PBXVariantGroup;
			children = (
				9249DD821DB8EBA1002EC6FD /* Base */,
			);
			name = Main.storyboard;
			sourceTree = "<group>";
		};
		9249DD861DB8EBA2002EC6FD /* LaunchScreen.storyboard */ = {
			isa = PBXVariantGroup;
			children = (
				9249DD871DB8EBA2002EC6FD /* Base */,
			);
			name = LaunchScreen.storyboard;
			sourceTree = "<group>";
		};
/* End PBXVariantGroup section */

/* Begin XCBuildConfiguration section */
		9249DDA01DB8EBA2002EC6FD /* Debug */ = {
			isa = XCBuildConfiguration;
			buildSettings = {
				ALWAYS_SEARCH_USER_PATHS = NO;
				CLANG_CXX_LANGUAGE_STANDARD = "gnu++0x";
				CLANG_CXX_LIBRARY = "libc++";
				CLANG_ENABLE_MODULES = YES;
				CLANG_ENABLE_OBJC_ARC = YES;
				CLANG_WARN_BOOL_CONVERSION = YES;
				CLANG_WARN_CONSTANT_CONVERSION = YES;
				CLANG_WARN_DIRECT_OBJC_ISA_USAGE = YES_ERROR;
				CLANG_WARN_EMPTY_BODY = YES;
				CLANG_WARN_ENUM_CONVERSION = YES;
				CLANG_WARN_INFINITE_RECURSION = YES;
				CLANG_WARN_INT_CONVERSION = YES;
				CLANG_WARN_OBJC_ROOT_CLASS = YES_ERROR;
				CLANG_WARN_SUSPICIOUS_MOVE = YES;
				CLANG_WARN_UNREACHABLE_CODE = YES;
				CLANG_WARN__DUPLICATE_METHOD_MATCH = YES;
				"CODE_SIGN_IDENTITY[sdk=iphoneos*]" = "iPhone Developer";
				COPY_PHASE_STRIP = NO;
				DEBUG_INFORMATION_FORMAT = dwarf;
				ENABLE_STRICT_OBJC_MSGSEND = YES;
				ENABLE_TESTABILITY = YES;
				GCC_C_LANGUAGE_STANDARD = gnu99;
				GCC_DYNAMIC_NO_PIC = NO;
				GCC_NO_COMMON_BLOCKS = YES;
				GCC_OPTIMIZATION_LEVEL = 0;
				GCC_PREPROCESSOR_DEFINITIONS = (
					"DEBUG=1",
					"$(inherited)",
				);
				GCC_WARN_64_TO_32_BIT_CONVERSION = YES;
				GCC_WARN_ABOUT_RETURN_TYPE = YES_ERROR;
				GCC_WARN_UNDECLARED_SELECTOR = YES;
				GCC_WARN_UNINITIALIZED_AUTOS = YES_AGGRESSIVE;
				GCC_WARN_UNUSED_FUNCTION = YES;
				GCC_WARN_UNUSED_VARIABLE = YES;
				IPHONEOS_DEPLOYMENT_TARGET = 9.2;
				MTL_ENABLE_DEBUG_INFO = YES;
				ONLY_ACTIVE_ARCH = YES;
				SDKROOT = iphoneos;
				SWIFT_OPTIMIZATION_LEVEL = "-Onone";
			};
			name = Debug;
		};
		9249DDA11DB8EBA2002EC6FD /* Release */ = {
			isa = XCBuildConfiguration;
			buildSettings = {
				ALWAYS_SEARCH_USER_PATHS = NO;
				CLANG_CXX_LANGUAGE_STANDARD = "gnu++0x";
				CLANG_CXX_LIBRARY = "libc++";
				CLANG_ENABLE_MODULES = YES;
				CLANG_ENABLE_OBJC_ARC = YES;
				CLANG_WARN_BOOL_CONVERSION = YES;
				CLANG_WARN_CONSTANT_CONVERSION = YES;
				CLANG_WARN_DIRECT_OBJC_ISA_USAGE = YES_ERROR;
				CLANG_WARN_EMPTY_BODY = YES;
				CLANG_WARN_ENUM_CONVERSION = YES;
				CLANG_WARN_INFINITE_RECURSION = YES;
				CLANG_WARN_INT_CONVERSION = YES;
				CLANG_WARN_OBJC_ROOT_CLASS = YES_ERROR;
				CLANG_WARN_SUSPICIOUS_MOVE = YES;
				CLANG_WARN_UNREACHABLE_CODE = YES;
				CLANG_WARN__DUPLICATE_METHOD_MATCH = YES;
				"CODE_SIGN_IDENTITY[sdk=iphoneos*]" = "iPhone Developer";
				COPY_PHASE_STRIP = NO;
				DEBUG_INFORMATION_FORMAT = "dwarf-with-dsym";
				ENABLE_NS_ASSERTIONS = NO;
				ENABLE_STRICT_OBJC_MSGSEND = YES;
				GCC_C_LANGUAGE_STANDARD = gnu99;
				GCC_NO_COMMON_BLOCKS = YES;
				GCC_WARN_64_TO_32_BIT_CONVERSION = YES;
				GCC_WARN_ABOUT_RETURN_TYPE = YES_ERROR;
				GCC_WARN_UNDECLARED_SELECTOR = YES;
				GCC_WARN_UNINITIALIZED_AUTOS = YES_AGGRESSIVE;
				GCC_WARN_UNUSED_FUNCTION = YES;
				GCC_WARN_UNUSED_VARIABLE = YES;
				IPHONEOS_DEPLOYMENT_TARGET = 9.2;
				MTL_ENABLE_DEBUG_INFO = NO;
				SDKROOT = iphoneos;
				SWIFT_OPTIMIZATION_LEVEL = "-Owholemodule";
				VALIDATE_PRODUCT = YES;
			};
			name = Release;
		};
		9249DDA31DB8EBA2002EC6FD /* Debug */ = {
			isa = XCBuildConfiguration;
			buildSettings = {
				ASSETCATALOG_COMPILER_APPICON_NAME = AppIcon;
				INFOPLIST_FILE = "Preschool Calculator: 14100951/Info.plist";
				LD_RUNPATH_SEARCH_PATHS = "$(inherited) @executable_path/Frameworks";
				PRODUCT_BUNDLE_IDENTIFIER = "Hertfordshire-University.Preschool-Calculator--14100951";
				PRODUCT_NAME = "$(TARGET_NAME)";
				SWIFT_VERSION = 3.0;
			};
			name = Debug;
		};
		9249DDA41DB8EBA2002EC6FD /* Release */ = {
			isa = XCBuildConfiguration;
			buildSettings = {
				ASSETCATALOG_COMPILER_APPICON_NAME = AppIcon;
				INFOPLIST_FILE = "Preschool Calculator: 14100951/Info.plist";
				LD_RUNPATH_SEARCH_PATHS = "$(inherited) @executable_path/Frameworks";
				PRODUCT_BUNDLE_IDENTIFIER = "Hertfordshire-University.Preschool-Calculator--14100951";
				PRODUCT_NAME = "$(TARGET_NAME)";
				SWIFT_VERSION = 3.0;
			};
			name = Release;
		};
		9249DDA61DB8EBA2002EC6FD /* Debug */ = {
			isa = XCBuildConfiguration;
			buildSettings = {
				BUNDLE_LOADER = "$(TEST_HOST)";
				INFOPLIST_FILE = "Preschool Calculator: 14100951Tests/Info.plist";
				LD_RUNPATH_SEARCH_PATHS = "$(inherited) @executable_path/Frameworks @loader_path/Frameworks";
				PRODUCT_BUNDLE_IDENTIFIER = "Hertfordshire-University.Preschool-Calculator--14100951Tests";
				PRODUCT_NAME = "$(TARGET_NAME)";
				SWIFT_VERSION = 3.0;
				TEST_HOST = "$(BUILT_PRODUCTS_DIR)/Preschool Calculator: 14100951.app/Preschool Calculator: 14100951";
			};
			name = Debug;
		};
		9249DDA71DB8EBA2002EC6FD /* Release */ = {
			isa = XCBuildConfiguration;
			buildSettings = {
				BUNDLE_LOADER = "$(TEST_HOST)";
				INFOPLIST_FILE = "Preschool Calculator: 14100951Tests/Info.plist";
				LD_RUNPATH_SEARCH_PATHS = "$(inherited) @executable_path/Frameworks @loader_path/Frameworks";
				PRODUCT_BUNDLE_IDENTIFIER = "Hertfordshire-University.Preschool-Calculator--14100951Tests";
				PRODUCT_NAME = "$(TARGET_NAME)";
				SWIFT_VERSION = 3.0;
				TEST_HOST = "$(BUILT_PRODUCTS_DIR)/Preschool Calculator: 14100951.app/Preschool Calculator: 14100951";
			};
			name = Release;
		};
		9249DDA91DB8EBA2002EC6FD /* Debug */ = {
			isa = XCBuildConfiguration;
			buildSettings = {
				INFOPLIST_FILE = "Preschool Calculator: 14100951UITests/Info.plist";
				LD_RUNPATH_SEARCH_PATHS = "$(inherited) @executable_path/Frameworks @loader_path/Frameworks";
				PRODUCT_BUNDLE_IDENTIFIER = "Hertfordshire-University.Preschool-Calculator--14100951UITests";
				PRODUCT_NAME = "$(TARGET_NAME)";
				SWIFT_VERSION = 3.0;
				TEST_TARGET_NAME = "Preschool Calculator: 14100951";
				USES_XCTRUNNER = YES;
			};
			name = Debug;
		};
		9249DDAA1DB8EBA2002EC6FD /* Release */ = {
			isa = XCBuildConfiguration;
			buildSettings = {
				INFOPLIST_FILE = "Preschool Calculator: 14100951UITests/Info.plist";
				LD_RUNPATH_SEARCH_PATHS = "$(inherited) @executable_path/Frameworks @loader_path/Frameworks";
				PRODUCT_BUNDLE_IDENTIFIER = "Hertfordshire-University.Preschool-Calculator--14100951UITests";
				PRODUCT_NAME = "$(TARGET_NAME)";
				SWIFT_VERSION = 3.0;
				TEST_TARGET_NAME = "Preschool Calculator: 14100951";
				USES_XCTRUNNER = YES;
			};
			name = Release;
		};
/* End XCBuildConfiguration section */

/* Begin XCConfigurationList section */
		9249DD751DB8EBA0002EC6FD /* Build configuration list for PBXProject "Preschool Calculator: 14100951" */ = {
			isa = XCConfigurationList;
			buildConfigurations = (
				9249DDA01DB8EBA2002EC6FD /* Debug */,
				9249DDA11DB8EBA2002EC6FD /* Release */,
			);
			defaultConfigurationIsVisible = 0;
			defaultConfigurationName = Release;
		};
		9249DDA21DB8EBA2002EC6FD /* Build configuration list for PBXNativeTarget "Preschool Calculator: 14100951" */ = {
			isa = XCConfigurationList;
			buildConfigurations = (
				9249DDA31DB8EBA2002EC6FD /* Debug */,
				9249DDA41DB8EBA2002EC6FD /* Release */,
			);
			defaultConfigurationIsVisible = 0;
			defaultConfigurationName = Release;
		};
		9249DDA51DB8EBA2002EC6FD /* Build configuration list for PBXNativeTarget "Preschool Calculator: 14100951Tests" */ = {
			isa = XCConfigurationList;
			buildConfigurations = (
				9249DDA61DB8EBA2002EC6FD /* Debug */,
				9249DDA71DB8EBA2002EC6FD /* Release */,
			);
			defaultConfigurationIsVisible = 0;
			defaultConfigurationName = Release;
		};
		9249DDA81DB8EBA2002EC6FD /* Build configuration list for PBXNativeTarget "Preschool Calculator: 14100951UITests" */ = {
			isa = XCConfigurationList;
			buildConfigurations = (
				9249DDA91DB8EBA2002EC6FD /* Debug */,
				9249DDAA1DB8EBA2002EC6FD /* Release */,
			);
			defaultConfigurationIsVisible = 0;
			defaultConfigurationName = Release;
		};
/* End XCConfigurationList section */
	};
	rootObject = 9249DD721DB8EBA0002EC6FD /* Project object */;
}
